// !$*UTF8*$!
{
	archiveVersion = 1;
	classes = {
	};
	objectVersion = 56;
	objects = {

/* Begin PBXBuildFile section */
		2B443D99298590B60062A8E0 /* RootView.swift in Sources */ = {isa = PBXBuildFile; fileRef = 2B443D98298590B60062A8E0 /* RootView.swift */; };
		752807FF2985A4EE0061DCCF /* Extensions.swift in Sources */ = {isa = PBXBuildFile; fileRef = 752807FE2985A4EE0061DCCF /* Extensions.swift */; };
		752808012985BFF20061DCCF /* AppLifecycle.swift in Sources */ = {isa = PBXBuildFile; fileRef = 752808002985BFF20061DCCF /* AppLifecycle.swift */; };
		752808032985D0F80061DCCF /* SetupView.swift in Sources */ = {isa = PBXBuildFile; fileRef = 752808022985D0F80061DCCF /* SetupView.swift */; };
		752808052985D7C70061DCCF /* AngerLevels.swift in Sources */ = {isa = PBXBuildFile; fileRef = 752808042985D7C70061DCCF /* AngerLevels.swift */; };
		752808082985E8670061DCCF /* User.swift in Sources */ = {isa = PBXBuildFile; fileRef = 752808072985E8670061DCCF /* User.swift */; };
		7528080A2985E9330061DCCF /* TBTasks.swift in Sources */ = {isa = PBXBuildFile; fileRef = 752808092985E9330061DCCF /* TBTasks.swift */; };
		752808112985EA920061DCCF /* Home.swift in Sources */ = {isa = PBXBuildFile; fileRef = 7528080E2985EA920061DCCF /* Home.swift */; };
		752808162985F2010061DCCF /* Sentences.swift in Sources */ = {isa = PBXBuildFile; fileRef = 752808152985F2010061DCCF /* Sentences.swift */; };
		7528081A298601520061DCCF /* TaskTimerView.swift in Sources */ = {isa = PBXBuildFile; fileRef = 75280819298601520061DCCF /* TaskTimerView.swift */; };
		7528081E29860A720061DCCF /* TaskTimerModel.swift in Sources */ = {isa = PBXBuildFile; fileRef = 7528081D29860A720061DCCF /* TaskTimerModel.swift */; };
		75AB626F29858CAD0090B311 /* TaskBullyApp.swift in Sources */ = {isa = PBXBuildFile; fileRef = 75AB626E29858CAD0090B311 /* TaskBullyApp.swift */; };
		75AB627329858CAE0090B311 /* Assets.xcassets in Resources */ = {isa = PBXBuildFile; fileRef = 75AB627229858CAE0090B311 /* Assets.xcassets */; };
		75AB627629858CAE0090B311 /* Preview Assets.xcassets in Resources */ = {isa = PBXBuildFile; fileRef = 75AB627529858CAE0090B311 /* Preview Assets.xcassets */; };
/* End PBXBuildFile section */

/* Begin PBXFileReference section */
		2B443D98298590B60062A8E0 /* RootView.swift */ = {isa = PBXFileReference; lastKnownFileType = sourcecode.swift; path = RootView.swift; sourceTree = "<group>"; };
		752807FE2985A4EE0061DCCF /* Extensions.swift */ = {isa = PBXFileReference; lastKnownFileType = sourcecode.swift; path = Extensions.swift; sourceTree = "<group>"; };
		752808002985BFF20061DCCF /* AppLifecycle.swift */ = {isa = PBXFileReference; lastKnownFileType = sourcecode.swift; path = AppLifecycle.swift; sourceTree = "<group>"; };
		752808022985D0F80061DCCF /* SetupView.swift */ = {isa = PBXFileReference; lastKnownFileType = sourcecode.swift; path = SetupView.swift; sourceTree = "<group>"; };
		752808042985D7C70061DCCF /* AngerLevels.swift */ = {isa = PBXFileReference; lastKnownFileType = sourcecode.swift; path = AngerLevels.swift; sourceTree = "<group>"; };
		752808072985E8670061DCCF /* User.swift */ = {isa = PBXFileReference; lastKnownFileType = sourcecode.swift; path = User.swift; sourceTree = "<group>"; };
		752808092985E9330061DCCF /* TBTasks.swift */ = {isa = PBXFileReference; lastKnownFileType = sourcecode.swift; path = TBTasks.swift; sourceTree = "<group>"; };
		7528080E2985EA920061DCCF /* Home.swift */ = {isa = PBXFileReference; fileEncoding = 4; lastKnownFileType = sourcecode.swift; path = Home.swift; sourceTree = "<group>"; };
		752808152985F2010061DCCF /* Sentences.swift */ = {isa = PBXFileReference; lastKnownFileType = sourcecode.swift; path = Sentences.swift; sourceTree = "<group>"; };
		75280819298601520061DCCF /* TaskTimerView.swift */ = {isa = PBXFileReference; lastKnownFileType = sourcecode.swift; path = TaskTimerView.swift; sourceTree = "<group>"; };
		7528081D29860A720061DCCF /* TaskTimerModel.swift */ = {isa = PBXFileReference; lastKnownFileType = sourcecode.swift; path = TaskTimerModel.swift; sourceTree = "<group>"; };
		75AB626B29858CAD0090B311 /* TaskBully.app */ = {isa = PBXFileReference; explicitFileType = wrapper.application; includeInIndex = 0; path = TaskBully.app; sourceTree = BUILT_PRODUCTS_DIR; };
		75AB626E29858CAD0090B311 /* TaskBullyApp.swift */ = {isa = PBXFileReference; lastKnownFileType = sourcecode.swift; path = TaskBullyApp.swift; sourceTree = "<group>"; };
		75AB627229858CAE0090B311 /* Assets.xcassets */ = {isa = PBXFileReference; lastKnownFileType = folder.assetcatalog; path = Assets.xcassets; sourceTree = "<group>"; };
		75AB627529858CAE0090B311 /* Preview Assets.xcassets */ = {isa = PBXFileReference; lastKnownFileType = folder.assetcatalog; path = "Preview Assets.xcassets"; sourceTree = "<group>"; };
/* End PBXFileReference section */

/* Begin PBXFrameworksBuildPhase section */
		75AB626829858CAD0090B311 /* Frameworks */ = {
			isa = PBXFrameworksBuildPhase;
			buildActionMask = 2147483647;
			files = (
			);
			runOnlyForDeploymentPostprocessing = 0;
		};
/* End PBXFrameworksBuildPhase section */

/* Begin PBXGroup section */
		752808062985E6780061DCCF /* View */ = {
			isa = PBXGroup;
			children = (
				2B443D98298590B60062A8E0 /* RootView.swift */,
				752808022985D0F80061DCCF /* SetupView.swift */,
				7528080E2985EA920061DCCF /* Home.swift */,
				75280819298601520061DCCF /* TaskTimerView.swift */,
			);
			path = View;
			sourceTree = "<group>";
		};
		752808142985ED5A0061DCCF /* Model */ = {
			isa = PBXGroup;
			children = (
				75AB626E29858CAD0090B311 /* TaskBullyApp.swift */,
				752808092985E9330061DCCF /* TBTasks.swift */,
				752808072985E8670061DCCF /* User.swift */,
				7528081D29860A720061DCCF /* TaskTimerModel.swift */,
			);
			path = Model;
			sourceTree = "<group>";
		};
		75AB626229858CAD0090B311 = {
			isa = PBXGroup;
			children = (
				752808142985ED5A0061DCCF /* Model */,
				752808062985E6780061DCCF /* View */,
				75AB626D29858CAD0090B311 /* TaskBully */,
				75AB626C29858CAD0090B311 /* Products */,
			);
			sourceTree = "<group>";
		};
		75AB626C29858CAD0090B311 /* Products */ = {
			isa = PBXGroup;
			children = (
				75AB626B29858CAD0090B311 /* TaskBully.app */,
			);
			name = Products;
			sourceTree = "<group>";
		};
		75AB626D29858CAD0090B311 /* TaskBully */ = {
			isa = PBXGroup;
			children = (
				752808002985BFF20061DCCF /* AppLifecycle.swift */,
				752808042985D7C70061DCCF /* AngerLevels.swift */,
				752807FE2985A4EE0061DCCF /* Extensions.swift */,
				752808152985F2010061DCCF /* Sentences.swift */,
				75AB627229858CAE0090B311 /* Assets.xcassets */,
				75AB627429858CAE0090B311 /* Preview Content */,
			);
			path = TaskBully;
			sourceTree = "<group>";
		};
		75AB627429858CAE0090B311 /* Preview Content */ = {
			isa = PBXGroup;
			children = (
				75AB627529858CAE0090B311 /* Preview Assets.xcassets */,
			);
			path = "Preview Content";
			sourceTree = "<group>";
		};
/* End PBXGroup section */

/* Begin PBXNativeTarget section */
		75AB626A29858CAD0090B311 /* TaskBully */ = {
			isa = PBXNativeTarget;
			buildConfigurationList = 75AB627929858CAE0090B311 /* Build configuration list for PBXNativeTarget "TaskBully" */;
			buildPhases = (
				75AB626729858CAD0090B311 /* Sources */,
				75AB626829858CAD0090B311 /* Frameworks */,
				75AB626929858CAD0090B311 /* Resources */,
			);
			buildRules = (
			);
			dependencies = (
			);
			name = TaskBully;
			productName = TaskBully;
			productReference = 75AB626B29858CAD0090B311 /* TaskBully.app */;
			productType = "com.apple.product-type.application";
		};
/* End PBXNativeTarget section */

/* Begin PBXProject section */
		75AB626329858CAD0090B311 /* Project object */ = {
			isa = PBXProject;
			attributes = {
				BuildIndependentTargetsInParallel = 1;
				LastSwiftUpdateCheck = 1420;
				LastUpgradeCheck = 1420;
				TargetAttributes = {
					75AB626A29858CAD0090B311 = {
						CreatedOnToolsVersion = 14.2;
					};
				};
			};
			buildConfigurationList = 75AB626629858CAD0090B311 /* Build configuration list for PBXProject "TaskBully" */;
			compatibilityVersion = "Xcode 14.0";
			developmentRegion = en;
			hasScannedForEncodings = 0;
			knownRegions = (
				en,
				Base,
			);
			mainGroup = 75AB626229858CAD0090B311;
			productRefGroup = 75AB626C29858CAD0090B311 /* Products */;
			projectDirPath = "";
			projectRoot = "";
			targets = (
				75AB626A29858CAD0090B311 /* TaskBully */,
			);
		};
/* End PBXProject section */

/* Begin PBXResourcesBuildPhase section */
		75AB626929858CAD0090B311 /* Resources */ = {
			isa = PBXResourcesBuildPhase;
			buildActionMask = 2147483647;
			files = (
				75AB627629858CAE0090B311 /* Preview Assets.xcassets in Resources */,
				75AB627329858CAE0090B311 /* Assets.xcassets in Resources */,
			);
			runOnlyForDeploymentPostprocessing = 0;
		};
/* End PBXResourcesBuildPhase section */

/* Begin PBXSourcesBuildPhase section */
		75AB626729858CAD0090B311 /* Sources */ = {
			isa = PBXSourcesBuildPhase;
			buildActionMask = 2147483647;
			files = (
				7528081E29860A720061DCCF /* TaskTimerModel.swift in Sources */,
				752808162985F2010061DCCF /* Sentences.swift in Sources */,
				752808052985D7C70061DCCF /* AngerLevels.swift in Sources */,
				752808032985D0F80061DCCF /* SetupView.swift in Sources */,
				75AB626F29858CAD0090B311 /* TaskBullyApp.swift in Sources */,
				7528081A298601520061DCCF /* TaskTimerView.swift in Sources */,
				752808112985EA920061DCCF /* Home.swift in Sources */,
				2B443D99298590B60062A8E0 /* RootView.swift in Sources */,
				7528080A2985E9330061DCCF /* TBTasks.swift in Sources */,
				752807FF2985A4EE0061DCCF /* Extensions.swift in Sources */,
				752808012985BFF20061DCCF /* AppLifecycle.swift in Sources */,
				752808082985E8670061DCCF /* User.swift in Sources */,
			);
			runOnlyForDeploymentPostprocessing = 0;
		};
/* End PBXSourcesBuildPhase section */

/* Begin XCBuildConfiguration section */
		75AB627729858CAE0090B311 /* Debug */ = {
			isa = XCBuildConfiguration;
			buildSettings = {
				ALWAYS_SEARCH_USER_PATHS = NO;
				CLANG_ANALYZER_NONNULL = YES;
				CLANG_ANALYZER_NUMBER_OBJECT_CONVERSION = YES_AGGRESSIVE;
				CLANG_CXX_LANGUAGE_STANDARD = "gnu++20";
				CLANG_ENABLE_MODULES = YES;
				CLANG_ENABLE_OBJC_ARC = YES;
				CLANG_ENABLE_OBJC_WEAK = YES;
				CLANG_WARN_BLOCK_CAPTURE_AUTORELEASING = YES;
				CLANG_WARN_BOOL_CONVERSION = YES;
				CLANG_WARN_COMMA = YES;
				CLANG_WARN_CONSTANT_CONVERSION = YES;
				CLANG_WARN_DEPRECATED_OBJC_IMPLEMENTATIONS = YES;
				CLANG_WARN_DIRECT_OBJC_ISA_USAGE = YES_ERROR;
				CLANG_WARN_DOCUMENTATION_COMMENTS = YES;
				CLANG_WARN_EMPTY_BODY = YES;
				CLANG_WARN_ENUM_CONVERSION = YES;
				CLANG_WARN_INFINITE_RECURSION = YES;
				CLANG_WARN_INT_CONVERSION = YES;
				CLANG_WARN_NON_LITERAL_NULL_CONVERSION = YES;
				CLANG_WARN_OBJC_IMPLICIT_RETAIN_SELF = YES;
				CLANG_WARN_OBJC_LITERAL_CONVERSION = YES;
				CLANG_WARN_OBJC_ROOT_CLASS = YES_ERROR;
				CLANG_WARN_QUOTED_INCLUDE_IN_FRAMEWORK_HEADER = YES;
				CLANG_WARN_RANGE_LOOP_ANALYSIS = YES;
				CLANG_WARN_STRICT_PROTOTYPES = YES;
				CLANG_WARN_SUSPICIOUS_MOVE = YES;
				CLANG_WARN_UNGUARDED_AVAILABILITY = YES_AGGRESSIVE;
				CLANG_WARN_UNREACHABLE_CODE = YES;
				CLANG_WARN__DUPLICATE_METHOD_MATCH = YES;
				COPY_PHASE_STRIP = NO;
				DEBUG_INFORMATION_FORMAT = dwarf;
				ENABLE_STRICT_OBJC_MSGSEND = YES;
				ENABLE_TESTABILITY = YES;
				GCC_C_LANGUAGE_STANDARD = gnu11;
				GCC_DYNAMIC_NO_PIC = NO;
				GCC_NO_COMMON_BLOCKS = YES;
				GCC_OPTIMIZATION_LEVEL = 0;
				GCC_PREPROCESSOR_DEFINITIONS = (
					"DEBUG=1",
					"$(inherited)",
				);
				GCC_WARN_64_TO_32_BIT_CONVERSION = YES;
				GCC_WARN_ABOUT_RETURN_TYPE = YES_ERROR;
				GCC_WARN_UNDECLARED_SELECTOR = YES;
				GCC_WARN_UNINITIALIZED_AUTOS = YES_AGGRESSIVE;
				GCC_WARN_UNUSED_FUNCTION = YES;
				GCC_WARN_UNUSED_VARIABLE = YES;
				IPHONEOS_DEPLOYMENT_TARGET = 16.2;
				MTL_ENABLE_DEBUG_INFO = INCLUDE_SOURCE;
				MTL_FAST_MATH = YES;
				ONLY_ACTIVE_ARCH = YES;
				SDKROOT = iphoneos;
				SWIFT_ACTIVE_COMPILATION_CONDITIONS = DEBUG;
				SWIFT_OPTIMIZATION_LEVEL = "-Onone";
			};
			name = Debug;
		};
		75AB627829858CAE0090B311 /* Release */ = {
			isa = XCBuildConfiguration;
			buildSettings = {
				ALWAYS_SEARCH_USER_PATHS = NO;
				CLANG_ANALYZER_NONNULL = YES;
				CLANG_ANALYZER_NUMBER_OBJECT_CONVERSION = YES_AGGRESSIVE;
				CLANG_CXX_LANGUAGE_STANDARD = "gnu++20";
				CLANG_ENABLE_MODULES = YES;
				CLANG_ENABLE_OBJC_ARC = YES;
				CLANG_ENABLE_OBJC_WEAK = YES;
				CLANG_WARN_BLOCK_CAPTURE_AUTORELEASING = YES;
				CLANG_WARN_BOOL_CONVERSION = YES;
				CLANG_WARN_COMMA = YES;
				CLANG_WARN_CONSTANT_CONVERSION = YES;
				CLANG_WARN_DEPRECATED_OBJC_IMPLEMENTATIONS = YES;
				CLANG_WARN_DIRECT_OBJC_ISA_USAGE = YES_ERROR;
				CLANG_WARN_DOCUMENTATION_COMMENTS = YES;
				CLANG_WARN_EMPTY_BODY = YES;
				CLANG_WARN_ENUM_CONVERSION = YES;
				CLANG_WARN_INFINITE_RECURSION = YES;
				CLANG_WARN_INT_CONVERSION = YES;
				CLANG_WARN_NON_LITERAL_NULL_CONVERSION = YES;
				CLANG_WARN_OBJC_IMPLICIT_RETAIN_SELF = YES;
				CLANG_WARN_OBJC_LITERAL_CONVERSION = YES;
				CLANG_WARN_OBJC_ROOT_CLASS = YES_ERROR;
				CLANG_WARN_QUOTED_INCLUDE_IN_FRAMEWORK_HEADER = YES;
				CLANG_WARN_RANGE_LOOP_ANALYSIS = YES;
				CLANG_WARN_STRICT_PROTOTYPES = YES;
				CLANG_WARN_SUSPICIOUS_MOVE = YES;
				CLANG_WARN_UNGUARDED_AVAILABILITY = YES_AGGRESSIVE;
				CLANG_WARN_UNREACHABLE_CODE = YES;
				CLANG_WARN__DUPLICATE_METHOD_MATCH = YES;
				COPY_PHASE_STRIP = NO;
				DEBUG_INFORMATION_FORMAT = "dwarf-with-dsym";
				ENABLE_NS_ASSERTIONS = NO;
				ENABLE_STRICT_OBJC_MSGSEND = YES;
				GCC_C_LANGUAGE_STANDARD = gnu11;
				GCC_NO_COMMON_BLOCKS = YES;
				GCC_WARN_64_TO_32_BIT_CONVERSION = YES;
				GCC_WARN_ABOUT_RETURN_TYPE = YES_ERROR;
				GCC_WARN_UNDECLARED_SELECTOR = YES;
				GCC_WARN_UNINITIALIZED_AUTOS = YES_AGGRESSIVE;
				GCC_WARN_UNUSED_FUNCTION = YES;
				GCC_WARN_UNUSED_VARIABLE = YES;
				IPHONEOS_DEPLOYMENT_TARGET = 16.2;
				MTL_ENABLE_DEBUG_INFO = NO;
				MTL_FAST_MATH = YES;
				SDKROOT = iphoneos;
				SWIFT_COMPILATION_MODE = wholemodule;
				SWIFT_OPTIMIZATION_LEVEL = "-O";
				VALIDATE_PRODUCT = YES;
			};
			name = Release;
		};
		75AB627A29858CAE0090B311 /* Debug */ = {
			isa = XCBuildConfiguration;
			buildSettings = {
				ASSETCATALOG_COMPILER_APPICON_NAME = AppIcon;
				ASSETCATALOG_COMPILER_GLOBAL_ACCENT_COLOR_NAME = AccentColor;
				CODE_SIGN_STYLE = Automatic;
				CURRENT_PROJECT_VERSION = 1;
				DEVELOPMENT_ASSET_PATHS = "\"TaskBully/Preview Content\"";
				DEVELOPMENT_TEAM = CYHXB2CDW7;
				ENABLE_PREVIEWS = YES;
				GENERATE_INFOPLIST_FILE = YES;
				INFOPLIST_KEY_UIApplicationSceneManifest_Generation = YES;
				INFOPLIST_KEY_UIApplicationSupportsIndirectInputEvents = YES;
				INFOPLIST_KEY_UILaunchScreen_Generation = YES;
				INFOPLIST_KEY_UISupportedInterfaceOrientations = UIInterfaceOrientationPortrait;
				IPHONEOS_DEPLOYMENT_TARGET = 16.0;
				LD_RUNPATH_SEARCH_PATHS = (
					"$(inherited)",
					"@executable_path/Frameworks",
				);
				MARKETING_VERSION = 1.0;
				PRODUCT_BUNDLE_IDENTIFIER = com.fernandoborrell.TaskBully;
				PRODUCT_NAME = "$(TARGET_NAME)";
				SWIFT_EMIT_LOC_STRINGS = YES;
				SWIFT_VERSION = 5.0;
				TARGETED_DEVICE_FAMILY = "1,2";
			};
			name = Debug;
		};
		75AB627B29858CAE0090B311 /* Release */ = {
			isa = XCBuildConfiguration;
			buildSettings = {
				ASSETCATALOG_COMPILER_APPICON_NAME = AppIcon;
				ASSETCATALOG_COMPILER_GLOBAL_ACCENT_COLOR_NAME = AccentColor;
				CODE_SIGN_STYLE = Automatic;
				CURRENT_PROJECT_VERSION = 1;
				DEVELOPMENT_ASSET_PATHS = "\"TaskBully/Preview Content\"";
				DEVELOPMENT_TEAM = CYHXB2CDW7;
				ENABLE_PREVIEWS = YES;
				GENERATE_INFOPLIST_FILE = YES;
				INFOPLIST_KEY_UIApplicationSceneManifest_Generation = YES;
				INFOPLIST_KEY_UIApplicationSupportsIndirectInputEvents = YES;
				INFOPLIST_KEY_UILaunchScreen_Generation = YES;
				INFOPLIST_KEY_UISupportedInterfaceOrientations = UIInterfaceOrientationPortrait;
				IPHONEOS_DEPLOYMENT_TARGET = 16.0;
				LD_RUNPATH_SEARCH_PATHS = (
					"$(inherited)",
					"@executable_path/Frameworks",
				);
				MARKETING_VERSION = 1.0;
				PRODUCT_BUNDLE_IDENTIFIER = com.fernandoborrell.TaskBully;
				PRODUCT_NAME = "$(TARGET_NAME)";
				SWIFT_EMIT_LOC_STRINGS = YES;
				SWIFT_VERSION = 5.0;
				TARGETED_DEVICE_FAMILY = "1,2";
			};
			name = Release;
		};
/* End XCBuildConfiguration section */

/* Begin XCConfigurationList section */
		75AB626629858CAD0090B311 /* Build configuration list for PBXProject "TaskBully" */ = {
			isa = XCConfigurationList;
			buildConfigurations = (
				75AB627729858CAE0090B311 /* Debug */,
				75AB627829858CAE0090B311 /* Release */,
			);
			defaultConfigurationIsVisible = 0;
			defaultConfigurationName = Release;
		};
		75AB627929858CAE0090B311 /* Build configuration list for PBXNativeTarget "TaskBully" */ = {
			isa = XCConfigurationList;
			buildConfigurations = (
				75AB627A29858CAE0090B311 /* Debug */,
				75AB627B29858CAE0090B311 /* Release */,
			);
			defaultConfigurationIsVisible = 0;
			defaultConfigurationName = Release;
		};
/* End XCConfigurationList section */
	};
	rootObject = 75AB626329858CAD0090B311 /* Project object */;
}
